// !$*UTF8*$!
{
	archiveVersion = 1;
	classes = {
	};
	objectVersion = 46;
	objects = {

/* Begin PBXBuildFile section */
		826CC7F71B956CFD006799D0 /* main.m in Sources */ = {isa = PBXBuildFile; fileRef = 826CC7F61B956CFD006799D0 /* main.m */; };
		826CC7FA1B956CFD006799D0 /* AppDelegate.m in Sources */ = {isa = PBXBuildFile; fileRef = 826CC7F91B956CFD006799D0 /* AppDelegate.m */; };
		826CC7FD1B956CFD006799D0 /* ViewController.m in Sources */ = {isa = PBXBuildFile; fileRef = 826CC7FC1B956CFD006799D0 /* ViewController.m */; };
		826CC8001B956CFD006799D0 /* Main.storyboard in Resources */ = {isa = PBXBuildFile; fileRef = 826CC7FE1B956CFD006799D0 /* Main.storyboard */; };
		826CC8021B956CFD006799D0 /* Images.xcassets in Resources */ = {isa = PBXBuildFile; fileRef = 826CC8011B956CFD006799D0 /* Images.xcassets */; };
		826CC8051B956CFD006799D0 /* LaunchScreen.xib in Resources */ = {isa = PBXBuildFile; fileRef = 826CC8031B956CFD006799D0 /* LaunchScreen.xib */; };
		826CC8111B956CFD006799D0 /* WGJTabBarDemoTests.m in Sources */ = {isa = PBXBuildFile; fileRef = 826CC8101B956CFD006799D0 /* WGJTabBarDemoTests.m */; };
/* End PBXBuildFile section */

/* Begin PBXContainerItemProxy section */
		826CC80B1B956CFD006799D0 /* PBXContainerItemProxy */ = {
			isa = PBXContainerItemProxy;
			containerPortal = 826CC7E91B956CFD006799D0 /* Project object */;
			proxyType = 1;
			remoteGlobalIDString = 826CC7F01B956CFD006799D0;
			remoteInfo = WGJTabBarDemo;
		};
/* End PBXContainerItemProxy section */

/* Begin PBXFileReference section */
		826CC7F11B956CFD006799D0 /* WGJTabBarDemo.app */ = {isa = PBXFileReference; explicitFileType = wrapper.application; includeInIndex = 0; path = WGJTabBarDemo.app; sourceTree = BUILT_PRODUCTS_DIR; };
		826CC7F51B956CFD006799D0 /* Info.plist */ = {isa = PBXFileReference; lastKnownFileType = text.plist.xml; path = Info.plist; sourceTree = "<group>"; };
		826CC7F61B956CFD006799D0 /* main.m */ = {isa = PBXFileReference; lastKnownFileType = sourcecode.c.objc; path = main.m; sourceTree = "<group>"; };
		826CC7F81B956CFD006799D0 /* AppDelegate.h */ = {isa = PBXFileReference; lastKnownFileType = sourcecode.c.h; path = AppDelegate.h; sourceTree = "<group>"; };
		826CC7F91B956CFD006799D0 /* AppDelegate.m */ = {isa = PBXFileReference; lastKnownFileType = sourcecode.c.objc; path = AppDelegate.m; sourceTree = "<group>"; };
		826CC7FB1B956CFD006799D0 /* ViewController.h */ = {isa = PBXFileReference; lastKnownFileType = sourcecode.c.h; path = ViewController.h; sourceTree = "<group>"; };
		826CC7FC1B956CFD006799D0 /* ViewController.m */ = {isa = PBXFileReference; lastKnownFileType = sourcecode.c.objc; path = ViewController.m; sourceTree = "<group>"; };
		826CC7FF1B956CFD006799D0 /* Base */ = {isa = PBXFileReference; lastKnownFileType = file.storyboard; name = Base; path = Base.lproj/Main.storyboard; sourceTree = "<group>"; };
		826CC8011B956CFD006799D0 /* Images.xcassets */ = {isa = PBXFileReference; lastKnownFileType = folder.assetcatalog; path = Images.xcassets; sourceTree = "<group>"; };
		826CC8041B956CFD006799D0 /* Base */ = {isa = PBXFileReference; lastKnownFileType = file.xib; name = Base; path = Base.lproj/LaunchScreen.xib; sourceTree = "<group>"; };
		826CC80A1B956CFD006799D0 /* WGJTabBarDemoTests.xctest */ = {isa = PBXFileReference; explicitFileType = wrapper.cfbundle; includeInIndex = 0; path = WGJTabBarDemoTests.xctest; sourceTree = BUILT_PRODUCTS_DIR; };
		826CC80F1B956CFD006799D0 /* Info.plist */ = {isa = PBXFileReference; lastKnownFileType = text.plist.xml; path = Info.plist; sourceTree = "<group>"; };
		826CC8101B956CFD006799D0 /* WGJTabBarDemoTests.m */ = {isa = PBXFileReference; lastKnownFileType = sourcecode.c.objc; path = WGJTabBarDemoTests.m; sourceTree = "<group>"; };
/* End PBXFileReference section */

/* Begin PBXFrameworksBuildPhase section */
		826CC7EE1B956CFD006799D0 /* Frameworks */ = {
			isa = PBXFrameworksBuildPhase;
			buildActionMask = 2147483647;
			files = (
			);
			runOnlyForDeploymentPostprocessing = 0;
		};
		826CC8071B956CFD006799D0 /* Frameworks */ = {
			isa = PBXFrameworksBuildPhase;
			buildActionMask = 2147483647;
			files = (
			);
			runOnlyForDeploymentPostprocessing = 0;
		};
/* End PBXFrameworksBuildPhase section */

/* Begin PBXGroup section */
		826CC7E81B956CFD006799D0 = {
			isa = PBXGroup;
			children = (
				826CC7F31B956CFD006799D0 /* WGJTabBarDemo */,
				826CC80D1B956CFD006799D0 /* WGJTabBarDemoTests */,
				826CC7F21B956CFD006799D0 /* Products */,
			);
			sourceTree = "<group>";
		};
		826CC7F21B956CFD006799D0 /* Products */ = {
			isa = PBXGroup;
			children = (
				826CC7F11B956CFD006799D0 /* WGJTabBarDemo.app */,
				826CC80A1B956CFD006799D0 /* WGJTabBarDemoTests.xctest */,
			);
			name = Products;
			sourceTree = "<group>";
		};
		826CC7F31B956CFD006799D0 /* WGJTabBarDemo */ = {
			isa = PBXGroup;
			children = (
				826CC7F81B956CFD006799D0 /* AppDelegate.h */,
				826CC7F91B956CFD006799D0 /* AppDelegate.m */,
				826CC7FB1B956CFD006799D0 /* ViewController.h */,
				826CC7FC1B956CFD006799D0 /* ViewController.m */,
				826CC7FE1B956CFD006799D0 /* Main.storyboard */,
				826CC8011B956CFD006799D0 /* Images.xcassets */,
				826CC8031B956CFD006799D0 /* LaunchScreen.xib */,
				826CC7F41B956CFD006799D0 /* Supporting Files */,
			);
			path = WGJTabBarDemo;
			sourceTree = "<group>";
		};
		826CC7F41B956CFD006799D0 /* Supporting Files */ = {
			isa = PBXGroup;
			children = (
				826CC7F51B956CFD006799D0 /* Info.plist */,
				826CC7F61B956CFD006799D0 /* main.m */,
			);
			name = "Supporting Files";
			sourceTree = "<group>";
		};
		826CC80D1B956CFD006799D0 /* WGJTabBarDemoTests */ = {
			isa = PBXGroup;
			children = (
				826CC8101B956CFD006799D0 /* WGJTabBarDemoTests.m */,
				826CC80E1B956CFD006799D0 /* Supporting Files */,
			);
			path = WGJTabBarDemoTests;
			sourceTree = "<group>";
		};
		826CC80E1B956CFD006799D0 /* Supporting Files */ = {
			isa = PBXGroup;
			children = (
				826CC80F1B956CFD006799D0 /* Info.plist */,
			);
			name = "Supporting Files";
			sourceTree = "<group>";
		};
/* End PBXGroup section */

/* Begin PBXNativeTarget section */
		826CC7F01B956CFD006799D0 /* WGJTabBarDemo */ = {
			isa = PBXNativeTarget;
			buildConfigurationList = 826CC8141B956CFD006799D0 /* Build configuration list for PBXNativeTarget "WGJTabBarDemo" */;
			buildPhases = (
				826CC7ED1B956CFD006799D0 /* Sources */,
				826CC7EE1B956CFD006799D0 /* Frameworks */,
				826CC7EF1B956CFD006799D0 /* Resources */,
			);
			buildRules = (
			);
			dependencies = (
			);
			name = WGJTabBarDemo;
			productName = WGJTabBarDemo;
			productReference = 826CC7F11B956CFD006799D0 /* WGJTabBarDemo.app */;
			productType = "com.apple.product-type.application";
		};
		826CC8091B956CFD006799D0 /* WGJTabBarDemoTests */ = {
			isa = PBXNativeTarget;
			buildConfigurationList = 826CC8171B956CFD006799D0 /* Build configuration list for PBXNativeTarget "WGJTabBarDemoTests" */;
			buildPhases = (
				826CC8061B956CFD006799D0 /* Sources */,
				826CC8071B956CFD006799D0 /* Frameworks */,
				826CC8081B956CFD006799D0 /* Resources */,
			);
			buildRules = (
			);
			dependencies = (
				826CC80C1B956CFD006799D0 /* PBXTargetDependency */,
			);
			name = WGJTabBarDemoTests;
			productName = WGJTabBarDemoTests;
			productReference = 826CC80A1B956CFD006799D0 /* WGJTabBarDemoTests.xctest */;
			productType = "com.apple.product-type.bundle.unit-test";
		};
/* End PBXNativeTarget section */

/* Begin PBXProject section */
		826CC7E91B956CFD006799D0 /* Project object */ = {
			isa = PBXProject;
			attributes = {
				LastUpgradeCheck = 0640;
				ORGANIZATIONNAME = sj;
				TargetAttributes = {
					826CC7F01B956CFD006799D0 = {
						CreatedOnToolsVersion = 6.4;
					};
					826CC8091B956CFD006799D0 = {
						CreatedOnToolsVersion = 6.4;
						TestTargetID = 826CC7F01B956CFD006799D0;
					};
				};
			};
			buildConfigurationList = 826CC7EC1B956CFD006799D0 /* Build configuration list for PBXProject "WGJTabBarDemo" */;
			compatibilityVersion = "Xcode 3.2";
			developmentRegion = English;
			hasScannedForEncodings = 0;
			knownRegions = (
				en,
				Base,
			);
			mainGroup = 826CC7E81B956CFD006799D0;
			productRefGroup = 826CC7F21B956CFD006799D0 /* Products */;
			projectDirPath = "";
			projectRoot = "";
			targets = (
				826CC7F01B956CFD006799D0 /* WGJTabBarDemo */,
				826CC8091B956CFD006799D0 /* WGJTabBarDemoTests */,
			);
		};
/* End PBXProject section */

/* Begin PBXResourcesBuildPhase section */
		826CC7EF1B956CFD006799D0 /* Resources */ = {
			isa = PBXResourcesBuildPhase;
			buildActionMask = 2147483647;
			files = (
				826CC8001B956CFD006799D0 /* Main.storyboard in Resources */,
				826CC8051B956CFD006799D0 /* LaunchScreen.xib in Resources */,
				826CC8021B956CFD006799D0 /* Images.xcassets in Resources */,
			);
			runOnlyForDeploymentPostprocessing = 0;
		};
		826CC8081B956CFD006799D0 /* Resources */ = {
			isa = PBXResourcesBuildPhase;
			buildActionMask = 2147483647;
			files = (
			);
			runOnlyForDeploymentPostprocessing = 0;
		};
/* End PBXResourcesBuildPhase section */

/* Begin PBXSourcesBuildPhase section */
		826CC7ED1B956CFD006799D0 /* Sources */ = {
			isa = PBXSourcesBuildPhase;
			buildActionMask = 2147483647;
			files = (
				826CC7FD1B956CFD006799D0 /* ViewController.m in Sources */,
				826CC7FA1B956CFD006799D0 /* AppDelegate.m in Sources */,
				826CC7F71B956CFD006799D0 /* main.m in Sources */,
			);
			runOnlyForDeploymentPostprocessing = 0;
		};
		826CC8061B956CFD006799D0 /* Sources */ = {
			isa = PBXSourcesBuildPhase;
			buildActionMask = 2147483647;
			files = (
				826CC8111B956CFD006799D0 /* WGJTabBarDemoTests.m in Sources */,
			);
			runOnlyForDeploymentPostprocessing = 0;
		};
/* End PBXSourcesBuildPhase section */

/* Begin PBXTargetDependency section */
		826CC80C1B956CFD006799D0 /* PBXTargetDependency */ = {
			isa = PBXTargetDependency;
			target = 826CC7F01B956CFD006799D0 /* WGJTabBarDemo */;
			targetProxy = 826CC80B1B956CFD006799D0 /* PBXContainerItemProxy */;
		};
/* End PBXTargetDependency section */

/* Begin PBXVariantGroup section */
		826CC7FE1B956CFD006799D0 /* Main.storyboard */ = {
			isa = PBXVariantGroup;
			children = (
				826CC7FF1B956CFD006799D0 /* Base */,
			);
			name = Main.storyboard;
			sourceTree = "<group>";
		};
		826CC8031B956CFD006799D0 /* LaunchScreen.xib */ = {
			isa = PBXVariantGroup;
			children = (
				826CC8041B956CFD006799D0 /* Base */,
			);
			name = LaunchScreen.xib;
			sourceTree = "<group>";
		};
/* End PBXVariantGroup section */

/* Begin XCBuildConfiguration section */
		826CC8121B956CFD006799D0 /* Debug */ = {
			isa = XCBuildConfiguration;
			buildSettings = {
				ALWAYS_SEARCH_USER_PATHS = NO;
				CLANG_CXX_LANGUAGE_STANDARD = "gnu++0x";
				CLANG_CXX_LIBRARY = "libc++";
				CLANG_ENABLE_MODULES = YES;
				CLANG_ENABLE_OBJC_ARC = YES;
				CLANG_WARN_BOOL_CONVERSION = YES;
				CLANG_WARN_CONSTANT_CONVERSION = YES;
				CLANG_WARN_DIRECT_OBJC_ISA_USAGE = YES_ERROR;
				CLANG_WARN_EMPTY_BODY = YES;
				CLANG_WARN_ENUM_CONVERSION = YES;
				CLANG_WARN_INT_CONVERSION = YES;
				CLANG_WARN_OBJC_ROOT_CLASS = YES_ERROR;
				CLANG_WARN_UNREACHABLE_CODE = YES;
				CLANG_WARN__DUPLICATE_METHOD_MATCH = YES;
				"CODE_SIGN_IDENTITY[sdk=iphoneos*]" = "iPhone Developer";
				COPY_PHASE_STRIP = NO;
				DEBUG_INFORMATION_FORMAT = "dwarf-with-dsym";
				ENABLE_STRICT_OBJC_MSGSEND = YES;
				GCC_C_LANGUAGE_STANDARD = gnu99;
				GCC_DYNAMIC_NO_PIC = NO;
				GCC_NO_COMMON_BLOCKS = YES;
				GCC_OPTIMIZATION_LEVEL = 0;
				GCC_PREPROCESSOR_DEFINITIONS = (
					"DEBUG=1",
					"$(inherited)",
				);
				GCC_SYMBOLS_PRIVATE_EXTERN = NO;
				GCC_WARN_64_TO_32_BIT_CONVERSION = YES;
				GCC_WARN_ABOUT_RETURN_TYPE = YES_ERROR;
				GCC_WARN_UNDECLARED_SELECTOR = YES;
				GCC_WARN_UNINITIALIZED_AUTOS = YES_AGGRESSIVE;
				GCC_WARN_UNUSED_FUNCTION = YES;
				GCC_WARN_UNUSED_VARIABLE = YES;
				IPHONEOS_DEPLOYMENT_TARGET = 8.4;
				MTL_ENABLE_DEBUG_INFO = YES;
				ONLY_ACTIVE_ARCH = YES;
				SDKROOT = iphoneos;
			};
			name = Debug;
		};
		826CC8131B956CFD006799D0 /* Release */ = {
			isa = XCBuildConfiguration;
			buildSettings = {
				ALWAYS_SEARCH_USER_PATHS = NO;
				CLANG_CXX_LANGUAGE_STANDARD = "gnu++0x";
				CLANG_CXX_LIBRARY = "libc++";
				CLANG_ENABLE_MODULES = YES;
				CLANG_ENABLE_OBJC_ARC = YES;
				CLANG_WARN_BOOL_CONVERSION = YES;
				CLANG_WARN_CONSTANT_CONVERSION = YES;
				CLANG_WARN_DIRECT_OBJC_ISA_USAGE = YES_ERROR;
				CLANG_WARN_EMPTY_BODY = YES;
				CLANG_WARN_ENUM_CONVERSION = YES;
				CLANG_WARN_INT_CONVERSION = YES;
				CLANG_WARN_OBJC_ROOT_CLASS = YES_ERROR;
				CLANG_WARN_UNREACHABLE_CODE = YES;
				CLANG_WARN__DUPLICATE_METHOD_MATCH = YES;
				"CODE_SIGN_IDENTITY[sdk=iphoneos*]" = "iPhone Developer";
				COPY_PHASE_STRIP = NO;
				DEBUG_INFORMATION_FORMAT = "dwarf-with-dsym";
				ENABLE_NS_ASSERTIONS = NO;
				ENABLE_STRICT_OBJC_MSGSEND = YES;
				GCC_C_LANGUAGE_STANDARD = gnu99;
				GCC_NO_COMMON_BLOCKS = YES;
				GCC_WARN_64_TO_32_BIT_CONVERSION = YES;
				GCC_WARN_ABOUT_RETURN_TYPE = YES_ERROR;
				GCC_WARN_UNDECLARED_SELECTOR = YES;
				GCC_WARN_UNINITIALIZED_AUTOS = YES_AGGRESSIVE;
				GCC_WARN_UNUSED_FUNCTION = YES;
				GCC_WARN_UNUSED_VARIABLE = YES;
				IPHONEOS_DEPLOYMENT_TARGET = 8.4;
				MTL_ENABLE_DEBUG_INFO = NO;
				SDKROOT = iphoneos;
				VALIDATE_PRODUCT = YES;
			};
			name = Release;
		};
		826CC8151B956CFD006799D0 /* Debug */ = {
			isa = XCBuildConfiguration;
			buildSettings = {
				ASSETCATALOG_COMPILER_APPICON_NAME = AppIcon;
				INFOPLIST_FILE = WGJTabBarDemo/Info.plist;
				LD_RUNPATH_SEARCH_PATHS = "$(inherited) @executable_path/Frameworks";
				PRODUCT_NAME = "$(TARGET_NAME)";
			};
			name = Debug;
		};
		826CC8161B956CFD006799D0 /* Release */ = {
			isa = XCBuildConfiguration;
			buildSettings = {
				ASSETCATALOG_COMPILER_APPICON_NAME = AppIcon;
				INFOPLIST_FILE = WGJTabBarDemo/Info.plist;
				LD_RUNPATH_SEARCH_PATHS = "$(inherited) @executable_path/Frameworks";
				PRODUCT_NAME = "$(TARGET_NAME)";
			};
			name = Release;
		};
		826CC8181B956CFD006799D0 /* Debug */ = {
			isa = XCBuildConfiguration;
			buildSettings = {
				BUNDLE_LOADER = "$(TEST_HOST)";
				FRAMEWORK_SEARCH_PATHS = (
					"$(SDKROOT)/Developer/Library/Frameworks",
					"$(inherited)",
				);
				GCC_PREPROCESSOR_DEFINITIONS = (
					"DEBUG=1",
					"$(inherited)",
				);
				INFOPLIST_FILE = WGJTabBarDemoTests/Info.plist;
				LD_RUNPATH_SEARCH_PATHS = "$(inherited) @executable_path/Frameworks @loader_path/Frameworks";
				PRODUCT_NAME = "$(TARGET_NAME)";
				TEST_HOST = "$(BUILT_PRODUCTS_DIR)/WGJTabBarDemo.app/WGJTabBarDemo";
			};
			name = Debug;
		};
		826CC8191B956CFD006799D0 /* Release */ = {
			isa = XCBuildConfiguration;
			buildSettings = {
				BUNDLE_LOADER = "$(TEST_HOST)";
				FRAMEWORK_SEARCH_PATHS = (
					"$(SDKROOT)/Developer/Library/Frameworks",
					"$(inherited)",
				);
				INFOPLIST_FILE = WGJTabBarDemoTests/Info.plist;
				LD_RUNPATH_SEARCH_PATHS = "$(inherited) @executable_path/Frameworks @loader_path/Frameworks";
				PRODUCT_NAME = "$(TARGET_NAME)";
				TEST_HOST = "$(BUILT_PRODUCTS_DIR)/WGJTabBarDemo.app/WGJTabBarDemo";
			};
			name = Release;
		};
/* End XCBuildConfiguration section */

/* Begin XCConfigurationList section */
		826CC7EC1B956CFD006799D0 /* Build configuration list for PBXProject "WGJTabBarDemo" */ = {
			isa = XCConfigurationList;
			buildConfigurations = (
				826CC8121B956CFD006799D0 /* Debug */,
				826CC8131B956CFD006799D0 /* Release */,
			);
			defaultConfigurationIsVisible = 0;
			defaultConfigurationName = Release;
		};
		826CC8141B956CFD006799D0 /* Build configuration list for PBXNativeTarget "WGJTabBarDemo" */ = {
			isa = XCConfigurationList;
			buildConfigurations = (
				826CC8151B956CFD006799D0 /* Debug */,
				826CC8161B956CFD006799D0 /* Release */,
			);
			defaultConfigurationIsVisible = 0;
		};
		826CC8171B956CFD006799D0 /* Build configuration list for PBXNativeTarget "WGJTabBarDemoTests" */ = {
			isa = XCConfigurationList;
			buildConfigurations = (
				826CC8181B956CFD006799D0 /* Debug */,
				826CC8191B956CFD006799D0 /* Release */,
			);
			defaultConfigurationIsVisible = 0;
		};
/* End XCConfigurationList section */
	};
	rootObject = 826CC7E91B956CFD006799D0 /* Project object */;
}
